
Microsoft Visual Studio Solution File, Format Version 12.00
# Visual Studio 15
VisualStudioVersion = 15.0.28307.1831
MinimumVisualStudioVersion = 10.0.40219.1
Project("{FAE04EC0-301F-11D3-BF4B-00C04F79EFBC}") = "PartialViewMVC", "PartialViewMVC\PartialViewMVC.csproj", "{E99243A7-6662-47F3-AC39-0E9A00707388}"
EndProject
Global
	GlobalSection(SolutionConfigurationPlatforms) = preSolution
		Debug|Any CPU = Debug|Any CPU
		Release|Any CPU = Release|Any CPU
	EndGlobalSection
	GlobalSection(ProjectConfigurationPlatforms) = postSolution
		{E99243A7-6662-47F3-AC39-0E9A00707388}.Debug|Any CPU.ActiveCfg = Debug|Any CPU
		{E99243A7-6662-47F3-AC39-0E9A00707388}.Debug|Any CPU.Build.0 = Debug|Any CPU
		{E99243A7-6662-47F3-AC39-0E9A00707388}.Release|Any CPU.ActiveCfg = Release|Any CPU
		{E99243A7-6662-47F3-AC39-0E9A00707388}.Release|Any CPU.Build.0 = Release|Any CPU
	EndGlobalSection
	GlobalSection(SolutionProperties) = preSolution
		HideSolutionNode = FALSE
	EndGlobalSection
	GlobalSection(ExtensibilityGlobals) = postSolution
		SolutionGuid = {C5DF19B7-010A-44A2-87D4-38B3486677B7}
	EndGlobalSection
EndGlobal
