
Microsoft Visual Studio Solution File, Format Version 12.00
# Visual Studio 15
VisualStudioVersion = 15.0.28307.1831
MinimumVisualStudioVersion = 10.0.40219.1
Project("{FAE04EC0-301F-11D3-BF4B-00C04F79EFBC}") = "TraditionalRouting", "TraditionalRouting\TraditionalRouting.csproj", "{44ED7F5E-897C-4CAF-894A-8A68DBB95982}"
EndProject
Global
	GlobalSection(SolutionConfigurationPlatforms) = preSolution
		Debug|Any CPU = Debug|Any CPU
		Release|Any CPU = Release|Any CPU
	EndGlobalSection
	GlobalSection(ProjectConfigurationPlatforms) = postSolution
		{44ED7F5E-897C-4CAF-894A-8A68DBB95982}.Debug|Any CPU.ActiveCfg = Debug|Any CPU
		{44ED7F5E-897C-4CAF-894A-8A68DBB95982}.Debug|Any CPU.Build.0 = Debug|Any CPU
		{44ED7F5E-897C-4CAF-894A-8A68DBB95982}.Release|Any CPU.ActiveCfg = Release|Any CPU
		{44ED7F5E-897C-4CAF-894A-8A68DBB95982}.Release|Any CPU.Build.0 = Release|Any CPU
	EndGlobalSection
	GlobalSection(SolutionProperties) = preSolution
		HideSolutionNode = FALSE
	EndGlobalSection
	GlobalSection(ExtensibilityGlobals) = postSolution
		SolutionGuid = {3FA60AD6-3BDA-404E-8E9E-0E3401C31338}
	EndGlobalSection
EndGlobal
