
Microsoft Visual Studio Solution File, Format Version 12.00
# Visual Studio 15
VisualStudioVersion = 15.0.28307.1831
MinimumVisualStudioVersion = 10.0.40219.1
Project("{FAE04EC0-301F-11D3-BF4B-00C04F79EFBC}") = "AjaxBeginForm", "AjaxBeginForm\AjaxBeginForm.csproj", "{417C5EC2-F7F8-458C-88E9-6A42FC5DA303}"
EndProject
Global
	GlobalSection(SolutionConfigurationPlatforms) = preSolution
		Debug|Any CPU = Debug|Any CPU
		Release|Any CPU = Release|Any CPU
	EndGlobalSection
	GlobalSection(ProjectConfigurationPlatforms) = postSolution
		{417C5EC2-F7F8-458C-88E9-6A42FC5DA303}.Debug|Any CPU.ActiveCfg = Debug|Any CPU
		{417C5EC2-F7F8-458C-88E9-6A42FC5DA303}.Debug|Any CPU.Build.0 = Debug|Any CPU
		{417C5EC2-F7F8-458C-88E9-6A42FC5DA303}.Release|Any CPU.ActiveCfg = Release|Any CPU
		{417C5EC2-F7F8-458C-88E9-6A42FC5DA303}.Release|Any CPU.Build.0 = Release|Any CPU
	EndGlobalSection
	GlobalSection(SolutionProperties) = preSolution
		HideSolutionNode = FALSE
	EndGlobalSection
	GlobalSection(ExtensibilityGlobals) = postSolution
		SolutionGuid = {0C9D0507-3A26-487E-9D9D-E96AB4295640}
	EndGlobalSection
EndGlobal
