
Microsoft Visual Studio Solution File, Format Version 12.00
# Visual Studio 15
VisualStudioVersion = 15.0.28307.1831
MinimumVisualStudioVersion = 10.0.40219.1
Project("{FAE04EC0-301F-11D3-BF4B-00C04F79EFBC}") = "ErrorHandlingMVC", "ErrorHandlingMVC\ErrorHandlingMVC.csproj", "{C58EC9CD-8526-4F4F-A8C1-F505EAB2C45B}"
EndProject
Global
	GlobalSection(SolutionConfigurationPlatforms) = preSolution
		Debug|Any CPU = Debug|Any CPU
		Release|Any CPU = Release|Any CPU
	EndGlobalSection
	GlobalSection(ProjectConfigurationPlatforms) = postSolution
		{C58EC9CD-8526-4F4F-A8C1-F505EAB2C45B}.Debug|Any CPU.ActiveCfg = Debug|Any CPU
		{C58EC9CD-8526-4F4F-A8C1-F505EAB2C45B}.Debug|Any CPU.Build.0 = Debug|Any CPU
		{C58EC9CD-8526-4F4F-A8C1-F505EAB2C45B}.Release|Any CPU.ActiveCfg = Release|Any CPU
		{C58EC9CD-8526-4F4F-A8C1-F505EAB2C45B}.Release|Any CPU.Build.0 = Release|Any CPU
	EndGlobalSection
	GlobalSection(SolutionProperties) = preSolution
		HideSolutionNode = FALSE
	EndGlobalSection
	GlobalSection(ExtensibilityGlobals) = postSolution
		SolutionGuid = {80E84C8F-9EC2-4489-A070-AA0C0D432961}
	EndGlobalSection
EndGlobal
