
Microsoft Visual Studio Solution File, Format Version 12.00
# Visual Studio 15
VisualStudioVersion = 15.0.28307.1831
MinimumVisualStudioVersion = 10.0.40219.1
Project("{FAE04EC0-301F-11D3-BF4B-00C04F79EFBC}") = "StronglyTypeHelper", "StronglyTypeHelper\StronglyTypeHelper.csproj", "{5680D50A-14D1-4439-B4E5-649376954BC4}"
EndProject
Global
	GlobalSection(SolutionConfigurationPlatforms) = preSolution
		Debug|Any CPU = Debug|Any CPU
		Release|Any CPU = Release|Any CPU
	EndGlobalSection
	GlobalSection(ProjectConfigurationPlatforms) = postSolution
		{5680D50A-14D1-4439-B4E5-649376954BC4}.Debug|Any CPU.ActiveCfg = Debug|Any CPU
		{5680D50A-14D1-4439-B4E5-649376954BC4}.Debug|Any CPU.Build.0 = Debug|Any CPU
		{5680D50A-14D1-4439-B4E5-649376954BC4}.Release|Any CPU.ActiveCfg = Release|Any CPU
		{5680D50A-14D1-4439-B4E5-649376954BC4}.Release|Any CPU.Build.0 = Release|Any CPU
	EndGlobalSection
	GlobalSection(SolutionProperties) = preSolution
		HideSolutionNode = FALSE
	EndGlobalSection
	GlobalSection(ExtensibilityGlobals) = postSolution
		SolutionGuid = {99301484-FAC9-47D4-8A44-FB12918FE403}
	EndGlobalSection
EndGlobal
