
Microsoft Visual Studio Solution File, Format Version 12.00
# Visual Studio 15
VisualStudioVersion = 15.0.28307.1831
MinimumVisualStudioVersion = 10.0.40219.1
Project("{FAE04EC0-301F-11D3-BF4B-00C04F79EFBC}") = "CustomModelBinder", "CustomModelBinder\CustomModelBinder.csproj", "{A329866F-F078-4BEE-8A27-8340478FA1F9}"
EndProject
Global
	GlobalSection(SolutionConfigurationPlatforms) = preSolution
		Debug|Any CPU = Debug|Any CPU
		Release|Any CPU = Release|Any CPU
	EndGlobalSection
	GlobalSection(ProjectConfigurationPlatforms) = postSolution
		{A329866F-F078-4BEE-8A27-8340478FA1F9}.Debug|Any CPU.ActiveCfg = Debug|Any CPU
		{A329866F-F078-4BEE-8A27-8340478FA1F9}.Debug|Any CPU.Build.0 = Debug|Any CPU
		{A329866F-F078-4BEE-8A27-8340478FA1F9}.Release|Any CPU.ActiveCfg = Release|Any CPU
		{A329866F-F078-4BEE-8A27-8340478FA1F9}.Release|Any CPU.Build.0 = Release|Any CPU
	EndGlobalSection
	GlobalSection(SolutionProperties) = preSolution
		HideSolutionNode = FALSE
	EndGlobalSection
	GlobalSection(ExtensibilityGlobals) = postSolution
		SolutionGuid = {F1F76FDE-2A60-4C44-B365-406F1DC3795A}
	EndGlobalSection
EndGlobal
