
Microsoft Visual Studio Solution File, Format Version 12.00
# Visual Studio 15
VisualStudioVersion = 15.0.28307.1831
MinimumVisualStudioVersion = 10.0.40219.1
Project("{FAE04EC0-301F-11D3-BF4B-00C04F79EFBC}") = "DropDownHelper", "DropDownHelper\DropDownHelper.csproj", "{5D1DEECB-440B-404D-B362-70D18819BEBD}"
EndProject
Global
	GlobalSection(SolutionConfigurationPlatforms) = preSolution
		Debug|Any CPU = Debug|Any CPU
		Release|Any CPU = Release|Any CPU
	EndGlobalSection
	GlobalSection(ProjectConfigurationPlatforms) = postSolution
		{5D1DEECB-440B-404D-B362-70D18819BEBD}.Debug|Any CPU.ActiveCfg = Debug|Any CPU
		{5D1DEECB-440B-404D-B362-70D18819BEBD}.Debug|Any CPU.Build.0 = Debug|Any CPU
		{5D1DEECB-440B-404D-B362-70D18819BEBD}.Release|Any CPU.ActiveCfg = Release|Any CPU
		{5D1DEECB-440B-404D-B362-70D18819BEBD}.Release|Any CPU.Build.0 = Release|Any CPU
	EndGlobalSection
	GlobalSection(SolutionProperties) = preSolution
		HideSolutionNode = FALSE
	EndGlobalSection
	GlobalSection(ExtensibilityGlobals) = postSolution
		SolutionGuid = {C660CCC5-29C3-4E0D-89BC-AC1F1F799776}
	EndGlobalSection
EndGlobal
