
Microsoft Visual Studio Solution File, Format Version 12.00
# Visual Studio 15
VisualStudioVersion = 15.0.28307.1831
MinimumVisualStudioVersion = 10.0.40219.1
Project("{FAE04EC0-301F-11D3-BF4B-00C04F79EFBC}") = "AsyncControllerMVC", "AsyncControllerMVC\AsyncControllerMVC.csproj", "{1F62E378-BADB-4F95-8BC3-155F2499F42B}"
EndProject
Global
	GlobalSection(SolutionConfigurationPlatforms) = preSolution
		Debug|Any CPU = Debug|Any CPU
		Release|Any CPU = Release|Any CPU
	EndGlobalSection
	GlobalSection(ProjectConfigurationPlatforms) = postSolution
		{1F62E378-BADB-4F95-8BC3-155F2499F42B}.Debug|Any CPU.ActiveCfg = Debug|Any CPU
		{1F62E378-BADB-4F95-8BC3-155F2499F42B}.Debug|Any CPU.Build.0 = Debug|Any CPU
		{1F62E378-BADB-4F95-8BC3-155F2499F42B}.Release|Any CPU.ActiveCfg = Release|Any CPU
		{1F62E378-BADB-4F95-8BC3-155F2499F42B}.Release|Any CPU.Build.0 = Release|Any CPU
	EndGlobalSection
	GlobalSection(SolutionProperties) = preSolution
		HideSolutionNode = FALSE
	EndGlobalSection
	GlobalSection(ExtensibilityGlobals) = postSolution
		SolutionGuid = {3E422D89-8430-4E4C-9C84-135089932992}
	EndGlobalSection
EndGlobal
