
Microsoft Visual Studio Solution File, Format Version 12.00
# Visual Studio 15
VisualStudioVersion = 15.0.28307.1831
MinimumVisualStudioVersion = 10.0.40219.1
Project("{FAE04EC0-301F-11D3-BF4B-00C04F79EFBC}") = "BundlingAndMiniFicationMVC", "BundlingAndMiniFicationMVC\BundlingAndMiniFicationMVC.csproj", "{AE506D3C-D918-40BC-A871-81224E066A17}"
EndProject
Global
	GlobalSection(SolutionConfigurationPlatforms) = preSolution
		Debug|Any CPU = Debug|Any CPU
		Release|Any CPU = Release|Any CPU
	EndGlobalSection
	GlobalSection(ProjectConfigurationPlatforms) = postSolution
		{AE506D3C-D918-40BC-A871-81224E066A17}.Debug|Any CPU.ActiveCfg = Debug|Any CPU
		{AE506D3C-D918-40BC-A871-81224E066A17}.Debug|Any CPU.Build.0 = Debug|Any CPU
		{AE506D3C-D918-40BC-A871-81224E066A17}.Release|Any CPU.ActiveCfg = Release|Any CPU
		{AE506D3C-D918-40BC-A871-81224E066A17}.Release|Any CPU.Build.0 = Release|Any CPU
	EndGlobalSection
	GlobalSection(SolutionProperties) = preSolution
		HideSolutionNode = FALSE
	EndGlobalSection
	GlobalSection(ExtensibilityGlobals) = postSolution
		SolutionGuid = {22BE2240-F4DE-441D-8166-7317A5766410}
	EndGlobalSection
EndGlobal
